
Microsoft Visual Studio Solution File, Format Version 12.00
# Visual Studio Version 17
VisualStudioVersion = 17.2.32630.192
MinimumVisualStudioVersion = 10.0.40219.1
Project("{888888A0-9F3D-457C-B088-3A5042F75D52}") = "PY_randomChestGame", "PY_randomChestGame\PY_randomChestGame.pyproj", "{B2BA2CF1-BC42-4A3B-A0B1-F33D2D6E3CF7}"
EndProject
Global
	GlobalSection(SolutionConfigurationPlatforms) = preSolution
		Debug|Any CPU = Debug|Any CPU
		Release|Any CPU = Release|Any CPU
	EndGlobalSection
	GlobalSection(ProjectConfigurationPlatforms) = postSolution
		{B2BA2CF1-BC42-4A3B-A0B1-F33D2D6E3CF7}.Debug|Any CPU.ActiveCfg = Debug|Any CPU
		{B2BA2CF1-BC42-4A3B-A0B1-F33D2D6E3CF7}.Release|Any CPU.ActiveCfg = Release|Any CPU
	EndGlobalSection
	GlobalSection(SolutionProperties) = preSolution
		HideSolutionNode = FALSE
	EndGlobalSection
	GlobalSection(ExtensibilityGlobals) = postSolution
		SolutionGuid = {3E0E5B56-AC3C-4CE4-B36C-6F2ECA3ECEFF}
	EndGlobalSection
EndGlobal
