
Microsoft Visual Studio Solution File, Format Version 12.00
# Visual Studio Version 17
VisualStudioVersion = 17.3.32811.315
MinimumVisualStudioVersion = 10.0.40219.1
Project("{888888A0-9F3D-457C-B088-3A5042F75D52}") = "PY_Hangman2", "PY_Hangman2\PY_Hangman2.pyproj", "{7311E800-8DC7-4C3A-82DB-29ACF2E358B0}"
EndProject
Global
	GlobalSection(SolutionConfigurationPlatforms) = preSolution
		Debug|Any CPU = Debug|Any CPU
		Release|Any CPU = Release|Any CPU
	EndGlobalSection
	GlobalSection(ProjectConfigurationPlatforms) = postSolution
		{7311E800-8DC7-4C3A-82DB-29ACF2E358B0}.Debug|Any CPU.ActiveCfg = Debug|Any CPU
		{7311E800-8DC7-4C3A-82DB-29ACF2E358B0}.Release|Any CPU.ActiveCfg = Release|Any CPU
	EndGlobalSection
	GlobalSection(SolutionProperties) = preSolution
		HideSolutionNode = FALSE
	EndGlobalSection
	GlobalSection(ExtensibilityGlobals) = postSolution
		SolutionGuid = {E1226376-37B0-486B-8ACF-FEF4CEFA8FDA}
	EndGlobalSection
EndGlobal
