
Microsoft Visual Studio Solution File, Format Version 12.00
# Visual Studio Version 17
VisualStudioVersion = 17.3.32811.315
MinimumVisualStudioVersion = 10.0.40219.1
Project("{888888A0-9F3D-457C-B088-3A5042F75D52}") = "PY_API_ISSLocation", "PY_API_ISSLocation\PY_API_ISSLocation.pyproj", "{EA766BD4-9D6E-447A-BD2E-DBC72D6C2AA0}"
EndProject
Global
	GlobalSection(SolutionConfigurationPlatforms) = preSolution
		Debug|Any CPU = Debug|Any CPU
		Release|Any CPU = Release|Any CPU
	EndGlobalSection
	GlobalSection(ProjectConfigurationPlatforms) = postSolution
		{EA766BD4-9D6E-447A-BD2E-DBC72D6C2AA0}.Debug|Any CPU.ActiveCfg = Debug|Any CPU
		{EA766BD4-9D6E-447A-BD2E-DBC72D6C2AA0}.Release|Any CPU.ActiveCfg = Release|Any CPU
	EndGlobalSection
	GlobalSection(SolutionProperties) = preSolution
		HideSolutionNode = FALSE
	EndGlobalSection
	GlobalSection(ExtensibilityGlobals) = postSolution
		SolutionGuid = {67054829-C4BF-4549-8071-D60FD00BC2AD}
	EndGlobalSection
EndGlobal
