
Microsoft Visual Studio Solution File, Format Version 12.00
# Visual Studio Version 17
VisualStudioVersion = 17.3.32811.315
MinimumVisualStudioVersion = 10.0.40219.1
Project("{888888A0-9F3D-457C-B088-3A5042F75D52}") = "PY_NatoAlphabet", "PY_NatoAlphabet\PY_NatoAlphabet.pyproj", "{6C23F585-DDA7-4C42-B458-5B900EA44744}"
EndProject
Global
	GlobalSection(SolutionConfigurationPlatforms) = preSolution
		Debug|Any CPU = Debug|Any CPU
		Release|Any CPU = Release|Any CPU
	EndGlobalSection
	GlobalSection(ProjectConfigurationPlatforms) = postSolution
		{6C23F585-DDA7-4C42-B458-5B900EA44744}.Debug|Any CPU.ActiveCfg = Debug|Any CPU
		{6C23F585-DDA7-4C42-B458-5B900EA44744}.Release|Any CPU.ActiveCfg = Release|Any CPU
	EndGlobalSection
	GlobalSection(SolutionProperties) = preSolution
		HideSolutionNode = FALSE
	EndGlobalSection
	GlobalSection(ExtensibilityGlobals) = postSolution
		SolutionGuid = {F502BD92-B40A-451D-846C-FABBDE7B8C4D}
	EndGlobalSection
EndGlobal
