
Microsoft Visual Studio Solution File, Format Version 12.00
# Visual Studio Version 17
VisualStudioVersion = 17.3.32811.315
MinimumVisualStudioVersion = 10.0.40219.1
Project("{888888A0-9F3D-457C-B088-3A5042F75D52}") = "PY_MailMerge", "PY_MailMerge\PY_MailMerge.pyproj", "{C55B1C23-736F-4007-AAA2-C5A8219A3A1C}"
EndProject
Global
	GlobalSection(SolutionConfigurationPlatforms) = preSolution
		Debug|Any CPU = Debug|Any CPU
		Release|Any CPU = Release|Any CPU
	EndGlobalSection
	GlobalSection(ProjectConfigurationPlatforms) = postSolution
		{C55B1C23-736F-4007-AAA2-C5A8219A3A1C}.Debug|Any CPU.ActiveCfg = Debug|Any CPU
		{C55B1C23-736F-4007-AAA2-C5A8219A3A1C}.Release|Any CPU.ActiveCfg = Release|Any CPU
	EndGlobalSection
	GlobalSection(SolutionProperties) = preSolution
		HideSolutionNode = FALSE
	EndGlobalSection
	GlobalSection(ExtensibilityGlobals) = postSolution
		SolutionGuid = {C1F2F57D-389B-4CA1-86E5-CF1AC1CCFA1A}
	EndGlobalSection
EndGlobal
