
Microsoft Visual Studio Solution File, Format Version 12.00
# Visual Studio Version 17
VisualStudioVersion = 17.2.32630.192
MinimumVisualStudioVersion = 10.0.40219.1
Project("{888888A0-9F3D-457C-B088-3A5042F75D52}") = "PY_CatFacts", "PY_CatFacts\PY_CatFacts.pyproj", "{35F74305-A0CD-4FD4-A390-5C337D13CF54}"
EndProject
Global
	GlobalSection(SolutionConfigurationPlatforms) = preSolution
		Debug|Any CPU = Debug|Any CPU
		Release|Any CPU = Release|Any CPU
	EndGlobalSection
	GlobalSection(ProjectConfigurationPlatforms) = postSolution
		{35F74305-A0CD-4FD4-A390-5C337D13CF54}.Debug|Any CPU.ActiveCfg = Debug|Any CPU
		{35F74305-A0CD-4FD4-A390-5C337D13CF54}.Release|Any CPU.ActiveCfg = Release|Any CPU
	EndGlobalSection
	GlobalSection(SolutionProperties) = preSolution
		HideSolutionNode = FALSE
	EndGlobalSection
	GlobalSection(ExtensibilityGlobals) = postSolution
		SolutionGuid = {F38310FC-1F09-42C1-8750-F187C69D95BF}
	EndGlobalSection
EndGlobal
